﻿
Microsoft Visual Studio Solution File, Format Version 12.00
Project("{FAE04EC0-301F-11D3-BF4B-00C04F79EFBC}") = "DonTroc", "DonTroc\DonTroc.csproj", "{35236EC3-D87C-42DB-B47A-60DB0FE4172A}"
EndProject
Project("{FAE04EC0-301F-11D3-BF4B-00C04F79EFBC}") = "IronSource.Binding", "IronSource.Binding\IronSource.Binding.csproj", "{A1B2C3D4-E5F6-7890-ABCD-EF1234567890}"
EndProject
Global
	GlobalSection(SolutionConfigurationPlatforms) = preSolution
		Debug|Any CPU = Debug|Any CPU
		Release|Any CPU = Release|Any CPU
	EndGlobalSection
	GlobalSection(ProjectConfigurationPlatforms) = postSolution
		{35236EC3-D87C-42DB-B47A-60DB0FE4172A}.Debug|Any CPU.ActiveCfg = Debug|Any CPU
		{35236EC3-D87C-42DB-B47A-60DB0FE4172A}.Debug|Any CPU.Build.0 = Debug|Any CPU
		{35236EC3-D87C-42DB-B47A-60DB0FE4172A}.Release|Any CPU.ActiveCfg = Release|Any CPU
		{35236EC3-D87C-42DB-B47A-60DB0FE4172A}.Release|Any CPU.Build.0 = Release|Any CPU
		{35236EC3-D87C-42DB-B47A-60DB0FE4172A}.Release|Any CPU.Deploy.0 = Release|Any CPU
		{A1B2C3D4-E5F6-7890-ABCD-EF1234567890}.Debug|Any CPU.ActiveCfg = Debug|Any CPU
		{A1B2C3D4-E5F6-7890-ABCD-EF1234567890}.Debug|Any CPU.Build.0 = Debug|Any CPU
		{A1B2C3D4-E5F6-7890-ABCD-EF1234567890}.Release|Any CPU.ActiveCfg = Release|Any CPU
		{A1B2C3D4-E5F6-7890-ABCD-EF1234567890}.Release|Any CPU.Build.0 = Release|Any CPU
	EndGlobalSection
EndGlobal
